
Microsoft Visual Studio Solution File, Format Version 12.00
# Visual Studio Version 16
VisualStudioVersion = 16.0.30204.135
MinimumVisualStudioVersion = 10.0.40219.1
Project("{2150E333-8FDC-42A3-9474-1A3956D46DE8}") = "2.Desktop", "2.Desktop", "{3D8C76DB-3785-471E-8C66-F1214B8BED1F}"
EndProject
Project("{2150E333-8FDC-42A3-9474-1A3956D46DE8}") = "3.ViewModel", "3.ViewModel", "{AB6C8F30-DCCA-4B10-A0EB-0BA226775ED3}"
EndProject
Project("{2150E333-8FDC-42A3-9474-1A3956D46DE8}") = "4.Services", "4.Services", "{553C3DC5-A590-4203-A8AF-04CDFC9D11CD}"
EndProject
Project("{2150E333-8FDC-42A3-9474-1A3956D46DE8}") = "5.API", "5.API", "{243F3095-4F72-48FB-9F5F-640B6774ACE0}"
EndProject
Project("{2150E333-8FDC-42A3-9474-1A3956D46DE8}") = "6.Entities", "6.Entities", "{F6CA540C-36FB-49D0-AC8A-C786E0CDF758}"
EndProject
Project("{2150E333-8FDC-42A3-9474-1A3956D46DE8}") = "1.App", "1.App", "{154B2149-ECBA-414E-9DE3-5C12C2AE4744}"
EndProject
Project("{FAE04EC0-301F-11D3-BF4B-00C04F79EFBC}") = "Meteoro.App.Android", "Meteoro.App\Meteoro.App.Android\Meteoro.App.Android.csproj", "{49DC99BB-B702-4B32-8266-915688A71EF0}"
EndProject
Project("{9A19103F-16F7-4668-BE54-9A1E7A4F7556}") = "Meteoro.App", "Meteoro.App\Meteoro.App\Meteoro.App.csproj", "{F0B42F5A-4CE6-4782-97FE-56238B21CEFF}"
EndProject
Project("{9A19103F-16F7-4668-BE54-9A1E7A4F7556}") = "Meteoro.API", "Meteoro.API\Meteoro.API.csproj", "{18376AC9-9770-4936-A7E1-8ED11421A865}"
EndProject
Project("{9A19103F-16F7-4668-BE54-9A1E7A4F7556}") = "Meteoro.API.Core", "Meteoro.API.Core\Meteoro.API.Core.csproj", "{43FFA5F7-8C88-415F-9037-479293AA5876}"
EndProject
Project("{9A19103F-16F7-4668-BE54-9A1E7A4F7556}") = "Meteoro.API.Infrastructure", "Meteoro.API.Infrastructure\Meteoro.API.Infrastructure.csproj", "{33D75D59-918A-4304-9660-904B64A13DC8}"
EndProject
Project("{9A19103F-16F7-4668-BE54-9A1E7A4F7556}") = "Meteoro.ViewModels", "Meteoro.ViewModels\Meteoro.ViewModels.csproj", "{EC0D7F8F-0634-4BC7-B60B-F036A229B587}"
EndProject
Project("{9A19103F-16F7-4668-BE54-9A1E7A4F7556}") = "Meteoro.Entities", "Meteoro.Entities\Meteoro.Entities.csproj", "{313BF118-63EF-4EAB-917B-3182C22993EF}"
EndProject
Project("{9A19103F-16F7-4668-BE54-9A1E7A4F7556}") = "Meteoro.Services", "Meteoro.Services\Meteoro.Services.csproj", "{C6C25793-01F9-4826-9F07-E3380F7C2DF3}"
EndProject
Project("{2150E333-8FDC-42A3-9474-1A3956D46DE8}") = "MeteoroCorteApp", "MeteoroCorteApp", "{E1C680EE-A4C4-406B-BF9D-A3EA575B406D}"
EndProject
Project("{FAE04EC0-301F-11D3-BF4B-00C04F79EFBC}") = "MeteoroCorte.App.Android", "MeteoroCorte.App\MeteoroCorte.App.Android\MeteoroCorte.App.Android.csproj", "{3937AEAD-FA0B-466D-AB64-C68916AFCBB5}"
EndProject
Project("{9A19103F-16F7-4668-BE54-9A1E7A4F7556}") = "MeteoroCorte.App", "MeteoroCorte.App\MeteoroCorte.App\MeteoroCorte.App.csproj", "{4FD03664-7620-4942-B96C-F1CD0CD8C290}"
EndProject
Project("{2150E333-8FDC-42A3-9474-1A3956D46DE8}") = "MeteoroCosecha", "MeteoroCosecha", "{AB045356-5BED-4D1A-AD42-5D539D493D48}"
EndProject
Project("{2150E333-8FDC-42A3-9474-1A3956D46DE8}") = "MeteoroCorte", "MeteoroCorte", "{BC21F55C-898D-49D9-A658-90551D7D466C}"
EndProject
Project("{9A19103F-16F7-4668-BE54-9A1E7A4F7556}") = "Meteoro.DesktopWpfCorte", "Meteoro.DesktopWpfCorte\Meteoro.DesktopWpfCorte.csproj", "{A2A22246-6BE3-4C68-98EC-AFA65AD6C077}"
EndProject
Global
	GlobalSection(SolutionConfigurationPlatforms) = preSolution
		Debug|Any CPU = Debug|Any CPU
		Release|Any CPU = Release|Any CPU
	EndGlobalSection
	GlobalSection(ProjectConfigurationPlatforms) = postSolution
		{49DC99BB-B702-4B32-8266-915688A71EF0}.Debug|Any CPU.ActiveCfg = Debug|Any CPU
		{49DC99BB-B702-4B32-8266-915688A71EF0}.Debug|Any CPU.Build.0 = Debug|Any CPU
		{49DC99BB-B702-4B32-8266-915688A71EF0}.Debug|Any CPU.Deploy.0 = Debug|Any CPU
		{49DC99BB-B702-4B32-8266-915688A71EF0}.Release|Any CPU.ActiveCfg = Release|Any CPU
		{49DC99BB-B702-4B32-8266-915688A71EF0}.Release|Any CPU.Build.0 = Release|Any CPU
		{49DC99BB-B702-4B32-8266-915688A71EF0}.Release|Any CPU.Deploy.0 = Release|Any CPU
		{F0B42F5A-4CE6-4782-97FE-56238B21CEFF}.Debug|Any CPU.ActiveCfg = Debug|Any CPU
		{F0B42F5A-4CE6-4782-97FE-56238B21CEFF}.Debug|Any CPU.Build.0 = Debug|Any CPU
		{F0B42F5A-4CE6-4782-97FE-56238B21CEFF}.Release|Any CPU.ActiveCfg = Release|Any CPU
		{F0B42F5A-4CE6-4782-97FE-56238B21CEFF}.Release|Any CPU.Build.0 = Release|Any CPU
		{18376AC9-9770-4936-A7E1-8ED11421A865}.Debug|Any CPU.ActiveCfg = Debug|Any CPU
		{18376AC9-9770-4936-A7E1-8ED11421A865}.Debug|Any CPU.Build.0 = Debug|Any CPU
		{18376AC9-9770-4936-A7E1-8ED11421A865}.Release|Any CPU.ActiveCfg = Release|Any CPU
		{18376AC9-9770-4936-A7E1-8ED11421A865}.Release|Any CPU.Build.0 = Release|Any CPU
		{43FFA5F7-8C88-415F-9037-479293AA5876}.Debug|Any CPU.ActiveCfg = Debug|Any CPU
		{43FFA5F7-8C88-415F-9037-479293AA5876}.Debug|Any CPU.Build.0 = Debug|Any CPU
		{43FFA5F7-8C88-415F-9037-479293AA5876}.Release|Any CPU.ActiveCfg = Release|Any CPU
		{43FFA5F7-8C88-415F-9037-479293AA5876}.Release|Any CPU.Build.0 = Release|Any CPU
		{33D75D59-918A-4304-9660-904B64A13DC8}.Debug|Any CPU.ActiveCfg = Debug|Any CPU
		{33D75D59-918A-4304-9660-904B64A13DC8}.Debug|Any CPU.Build.0 = Debug|Any CPU
		{33D75D59-918A-4304-9660-904B64A13DC8}.Release|Any CPU.ActiveCfg = Release|Any CPU
		{33D75D59-918A-4304-9660-904B64A13DC8}.Release|Any CPU.Build.0 = Release|Any CPU
		{EC0D7F8F-0634-4BC7-B60B-F036A229B587}.Debug|Any CPU.ActiveCfg = Debug|Any CPU
		{EC0D7F8F-0634-4BC7-B60B-F036A229B587}.Debug|Any CPU.Build.0 = Debug|Any CPU
		{EC0D7F8F-0634-4BC7-B60B-F036A229B587}.Release|Any CPU.ActiveCfg = Release|Any CPU
		{EC0D7F8F-0634-4BC7-B60B-F036A229B587}.Release|Any CPU.Build.0 = Release|Any CPU
		{313BF118-63EF-4EAB-917B-3182C22993EF}.Debug|Any CPU.ActiveCfg = Debug|Any CPU
		{313BF118-63EF-4EAB-917B-3182C22993EF}.Debug|Any CPU.Build.0 = Debug|Any CPU
		{313BF118-63EF-4EAB-917B-3182C22993EF}.Release|Any CPU.ActiveCfg = Release|Any CPU
		{313BF118-63EF-4EAB-917B-3182C22993EF}.Release|Any CPU.Build.0 = Release|Any CPU
		{C6C25793-01F9-4826-9F07-E3380F7C2DF3}.Debug|Any CPU.ActiveCfg = Debug|Any CPU
		{C6C25793-01F9-4826-9F07-E3380F7C2DF3}.Debug|Any CPU.Build.0 = Debug|Any CPU
		{C6C25793-01F9-4826-9F07-E3380F7C2DF3}.Release|Any CPU.ActiveCfg = Release|Any CPU
		{C6C25793-01F9-4826-9F07-E3380F7C2DF3}.Release|Any CPU.Build.0 = Release|Any CPU
		{3937AEAD-FA0B-466D-AB64-C68916AFCBB5}.Debug|Any CPU.ActiveCfg = Debug|Any CPU
		{3937AEAD-FA0B-466D-AB64-C68916AFCBB5}.Debug|Any CPU.Build.0 = Debug|Any CPU
		{3937AEAD-FA0B-466D-AB64-C68916AFCBB5}.Debug|Any CPU.Deploy.0 = Debug|Any CPU
		{3937AEAD-FA0B-466D-AB64-C68916AFCBB5}.Release|Any CPU.ActiveCfg = Release|Any CPU
		{3937AEAD-FA0B-466D-AB64-C68916AFCBB5}.Release|Any CPU.Build.0 = Release|Any CPU
		{3937AEAD-FA0B-466D-AB64-C68916AFCBB5}.Release|Any CPU.Deploy.0 = Release|Any CPU
		{4FD03664-7620-4942-B96C-F1CD0CD8C290}.Debug|Any CPU.ActiveCfg = Debug|Any CPU
		{4FD03664-7620-4942-B96C-F1CD0CD8C290}.Debug|Any CPU.Build.0 = Debug|Any CPU
		{4FD03664-7620-4942-B96C-F1CD0CD8C290}.Release|Any CPU.ActiveCfg = Release|Any CPU
		{4FD03664-7620-4942-B96C-F1CD0CD8C290}.Release|Any CPU.Build.0 = Release|Any CPU
		{A2A22246-6BE3-4C68-98EC-AFA65AD6C077}.Debug|Any CPU.ActiveCfg = Debug|Any CPU
		{A2A22246-6BE3-4C68-98EC-AFA65AD6C077}.Debug|Any CPU.Build.0 = Debug|Any CPU
		{A2A22246-6BE3-4C68-98EC-AFA65AD6C077}.Release|Any CPU.ActiveCfg = Release|Any CPU
		{A2A22246-6BE3-4C68-98EC-AFA65AD6C077}.Release|Any CPU.Build.0 = Release|Any CPU
	EndGlobalSection
	GlobalSection(SolutionProperties) = preSolution
		HideSolutionNode = FALSE
	EndGlobalSection
	GlobalSection(NestedProjects) = preSolution
		{49DC99BB-B702-4B32-8266-915688A71EF0} = {154B2149-ECBA-414E-9DE3-5C12C2AE4744}
		{F0B42F5A-4CE6-4782-97FE-56238B21CEFF} = {154B2149-ECBA-414E-9DE3-5C12C2AE4744}
		{18376AC9-9770-4936-A7E1-8ED11421A865} = {243F3095-4F72-48FB-9F5F-640B6774ACE0}
		{43FFA5F7-8C88-415F-9037-479293AA5876} = {243F3095-4F72-48FB-9F5F-640B6774ACE0}
		{33D75D59-918A-4304-9660-904B64A13DC8} = {243F3095-4F72-48FB-9F5F-640B6774ACE0}
		{EC0D7F8F-0634-4BC7-B60B-F036A229B587} = {AB6C8F30-DCCA-4B10-A0EB-0BA226775ED3}
		{313BF118-63EF-4EAB-917B-3182C22993EF} = {F6CA540C-36FB-49D0-AC8A-C786E0CDF758}
		{C6C25793-01F9-4826-9F07-E3380F7C2DF3} = {553C3DC5-A590-4203-A8AF-04CDFC9D11CD}
		{E1C680EE-A4C4-406B-BF9D-A3EA575B406D} = {154B2149-ECBA-414E-9DE3-5C12C2AE4744}
		{3937AEAD-FA0B-466D-AB64-C68916AFCBB5} = {E1C680EE-A4C4-406B-BF9D-A3EA575B406D}
		{4FD03664-7620-4942-B96C-F1CD0CD8C290} = {E1C680EE-A4C4-406B-BF9D-A3EA575B406D}
		{AB045356-5BED-4D1A-AD42-5D539D493D48} = {3D8C76DB-3785-471E-8C66-F1214B8BED1F}
		{BC21F55C-898D-49D9-A658-90551D7D466C} = {3D8C76DB-3785-471E-8C66-F1214B8BED1F}
		{A2A22246-6BE3-4C68-98EC-AFA65AD6C077} = {BC21F55C-898D-49D9-A658-90551D7D466C}
	EndGlobalSection
	GlobalSection(ExtensibilityGlobals) = postSolution
		SolutionGuid = {F2443A61-BE2D-4CE5-9FF2-9D4A3CAE667A}
	EndGlobalSection
EndGlobal
