
Microsoft Visual Studio Solution File, Format Version 12.00
# Visual Studio Version 16
VisualStudioVersion = 16.0.30204.135
MinimumVisualStudioVersion = 10.0.40219.1
Project("{2150E333-8FDC-42A3-9474-1A3956D46DE8}") = "2.Desktop", "2.Desktop", "{3D8C76DB-3785-471E-8C66-F1214B8BED1F}"
EndProject
Project("{2150E333-8FDC-42A3-9474-1A3956D46DE8}") = "3.ViewModel", "3.ViewModel", "{AB6C8F30-DCCA-4B10-A0EB-0BA226775ED3}"
EndProject
Project("{2150E333-8FDC-42A3-9474-1A3956D46DE8}") = "4.Services", "4.Services", "{553C3DC5-A590-4203-A8AF-04CDFC9D11CD}"
EndProject
Project("{2150E333-8FDC-42A3-9474-1A3956D46DE8}") = "5.API", "5.API", "{243F3095-4F72-48FB-9F5F-640B6774ACE0}"
EndProject
Project("{2150E333-8FDC-42A3-9474-1A3956D46DE8}") = "6.Entities", "6.Entities", "{F6CA540C-36FB-49D0-AC8A-C786E0CDF758}"
EndProject
Project("{2150E333-8FDC-42A3-9474-1A3956D46DE8}") = "1.App", "1.App", "{154B2149-ECBA-414E-9DE3-5C12C2AE4744}"
EndProject
Project("{9A19103F-16F7-4668-BE54-9A1E7A4F7556}") = "Meteoro.API", "Meteoro.API\Meteoro.API.csproj", "{18376AC9-9770-4936-A7E1-8ED11421A865}"
EndProject
Project("{9A19103F-16F7-4668-BE54-9A1E7A4F7556}") = "Meteoro.API.Core", "Meteoro.API.Core\Meteoro.API.Core.csproj", "{43FFA5F7-8C88-415F-9037-479293AA5876}"
EndProject
Project("{9A19103F-16F7-4668-BE54-9A1E7A4F7556}") = "Meteoro.API.Infrastructure", "Meteoro.API.Infrastructure\Meteoro.API.Infrastructure.csproj", "{33D75D59-918A-4304-9660-904B64A13DC8}"
EndProject
Project("{9A19103F-16F7-4668-BE54-9A1E7A4F7556}") = "Meteoro.ViewModels", "Meteoro.ViewModels\Meteoro.ViewModels.csproj", "{EC0D7F8F-0634-4BC7-B60B-F036A229B587}"
EndProject
Project("{9A19103F-16F7-4668-BE54-9A1E7A4F7556}") = "Meteoro.Entities", "Meteoro.Entities\Meteoro.Entities.csproj", "{313BF118-63EF-4EAB-917B-3182C22993EF}"
EndProject
Project("{9A19103F-16F7-4668-BE54-9A1E7A4F7556}") = "Meteoro.Services", "Meteoro.Services\Meteoro.Services.csproj", "{C6C25793-01F9-4826-9F07-E3380F7C2DF3}"
EndProject
Project("{2150E333-8FDC-42A3-9474-1A3956D46DE8}") = "MeteoroCorteApp", "MeteoroCorteApp", "{E1C680EE-A4C4-406B-BF9D-A3EA575B406D}"
EndProject
Project("{2150E333-8FDC-42A3-9474-1A3956D46DE8}") = "MeteoroCosecha", "MeteoroCosecha", "{AB045356-5BED-4D1A-AD42-5D539D493D48}"
EndProject
Project("{2150E333-8FDC-42A3-9474-1A3956D46DE8}") = "MeteoroCorte", "MeteoroCorte", "{BC21F55C-898D-49D9-A658-90551D7D466C}"
EndProject
Project("{9A19103F-16F7-4668-BE54-9A1E7A4F7556}") = "Meteoro.DesktopWpfCorte", "Meteoro.DesktopWpfCorte\Meteoro.DesktopWpfCorte.csproj", "{A2A22246-6BE3-4C68-98EC-AFA65AD6C077}"
EndProject
Project("{2150E333-8FDC-42A3-9474-1A3956D46DE8}") = "MeteoroCosechaApp", "MeteoroCosechaApp", "{BBBC9DA5-6719-478B-8960-DD0BAB4F7098}"
EndProject
Project("{FAE04EC0-301F-11D3-BF4B-00C04F79EFBC}") = "Cosecha.App.Android", "Cosecha.App\Cosecha.App.Android\Cosecha.App.Android.csproj", "{E1F349BF-5C3B-4166-813C-372848CC3ABE}"
EndProject
Project("{9A19103F-16F7-4668-BE54-9A1E7A4F7556}") = "Cosecha.App", "Cosecha.App\Cosecha.App\Cosecha.App.csproj", "{D13D22F2-1697-4AF0-BC58-9F0CD0BD3892}"
EndProject
Project("{FAE04EC0-301F-11D3-BF4B-00C04F79EFBC}") = "Corte.App.Android", "Corte.App\Corte.App.Android\Corte.App.Android.csproj", "{04BAC59A-4C8F-478F-8A41-8DC5D44ACF6D}"
EndProject
Project("{9A19103F-16F7-4668-BE54-9A1E7A4F7556}") = "Corte.App", "Corte.App\Corte.App\Corte.App.csproj", "{839C8E7B-08C2-4B06-94E1-4BC607B6EE45}"
EndProject
Project("{2150E333-8FDC-42A3-9474-1A3956D46DE8}") = "CorteAPI", "CorteAPI", "{DD2DD93B-0F43-4A07-AD38-B275FBD4850F}"
EndProject
Project("{9A19103F-16F7-4668-BE54-9A1E7A4F7556}") = "Meteoro.Corte.API", "Meteoro.Corte.API\Meteoro.Corte.API.csproj", "{CCDD6B1F-23FB-4B1C-BDA7-52C14BC12706}"
EndProject
Project("{9A19103F-16F7-4668-BE54-9A1E7A4F7556}") = "Meteoro.Corte.API.Core", "Meteoro.Corte.API.Core\Meteoro.Corte.API.Core.csproj", "{1D582947-E6A1-4F7C-84B9-FE0256115982}"
EndProject
Project("{9A19103F-16F7-4668-BE54-9A1E7A4F7556}") = "Meteoro.Corte.API.Infrastructure", "Meteoro.Corte.API.Infrastructure\Meteoro.Corte.API.Infrastructure.csproj", "{501B81BB-3002-49EF-AC6C-82ED331C5A62}"
EndProject
Project("{2150E333-8FDC-42A3-9474-1A3956D46DE8}") = "CosechaAPI", "CosechaAPI", "{539B95EA-C99F-44E2-962F-18FC04F7A542}"
EndProject
Project("{9A19103F-16F7-4668-BE54-9A1E7A4F7556}") = "Meteoro.Corte.Entities", "Meteoro.Corte.Entities\Meteoro.Corte.Entities.csproj", "{1CE26995-B593-4938-B6F2-DED8531FA89E}"
EndProject
Project("{FAE04EC0-301F-11D3-BF4B-00C04F79EFBC}") = "MeteoroDesktopCorte", "MeteoroDesktopCorte\MeteoroDesktopCorte.csproj", "{D021DD3B-A314-4B2B-92EA-BDB43F05DD35}"
EndProject
Global
	GlobalSection(SolutionConfigurationPlatforms) = preSolution
		Debug|Any CPU = Debug|Any CPU
		Release|Any CPU = Release|Any CPU
	EndGlobalSection
	GlobalSection(ProjectConfigurationPlatforms) = postSolution
		{18376AC9-9770-4936-A7E1-8ED11421A865}.Debug|Any CPU.ActiveCfg = Debug|Any CPU
		{18376AC9-9770-4936-A7E1-8ED11421A865}.Debug|Any CPU.Build.0 = Debug|Any CPU
		{18376AC9-9770-4936-A7E1-8ED11421A865}.Release|Any CPU.ActiveCfg = Release|Any CPU
		{18376AC9-9770-4936-A7E1-8ED11421A865}.Release|Any CPU.Build.0 = Release|Any CPU
		{43FFA5F7-8C88-415F-9037-479293AA5876}.Debug|Any CPU.ActiveCfg = Debug|Any CPU
		{43FFA5F7-8C88-415F-9037-479293AA5876}.Debug|Any CPU.Build.0 = Debug|Any CPU
		{43FFA5F7-8C88-415F-9037-479293AA5876}.Release|Any CPU.ActiveCfg = Release|Any CPU
		{43FFA5F7-8C88-415F-9037-479293AA5876}.Release|Any CPU.Build.0 = Release|Any CPU
		{33D75D59-918A-4304-9660-904B64A13DC8}.Debug|Any CPU.ActiveCfg = Debug|Any CPU
		{33D75D59-918A-4304-9660-904B64A13DC8}.Debug|Any CPU.Build.0 = Debug|Any CPU
		{33D75D59-918A-4304-9660-904B64A13DC8}.Release|Any CPU.ActiveCfg = Release|Any CPU
		{33D75D59-918A-4304-9660-904B64A13DC8}.Release|Any CPU.Build.0 = Release|Any CPU
		{EC0D7F8F-0634-4BC7-B60B-F036A229B587}.Debug|Any CPU.ActiveCfg = Debug|Any CPU
		{EC0D7F8F-0634-4BC7-B60B-F036A229B587}.Debug|Any CPU.Build.0 = Debug|Any CPU
		{EC0D7F8F-0634-4BC7-B60B-F036A229B587}.Release|Any CPU.ActiveCfg = Release|Any CPU
		{EC0D7F8F-0634-4BC7-B60B-F036A229B587}.Release|Any CPU.Build.0 = Release|Any CPU
		{313BF118-63EF-4EAB-917B-3182C22993EF}.Debug|Any CPU.ActiveCfg = Debug|Any CPU
		{313BF118-63EF-4EAB-917B-3182C22993EF}.Debug|Any CPU.Build.0 = Debug|Any CPU
		{313BF118-63EF-4EAB-917B-3182C22993EF}.Release|Any CPU.ActiveCfg = Release|Any CPU
		{313BF118-63EF-4EAB-917B-3182C22993EF}.Release|Any CPU.Build.0 = Release|Any CPU
		{C6C25793-01F9-4826-9F07-E3380F7C2DF3}.Debug|Any CPU.ActiveCfg = Debug|Any CPU
		{C6C25793-01F9-4826-9F07-E3380F7C2DF3}.Debug|Any CPU.Build.0 = Debug|Any CPU
		{C6C25793-01F9-4826-9F07-E3380F7C2DF3}.Release|Any CPU.ActiveCfg = Release|Any CPU
		{C6C25793-01F9-4826-9F07-E3380F7C2DF3}.Release|Any CPU.Build.0 = Release|Any CPU
		{A2A22246-6BE3-4C68-98EC-AFA65AD6C077}.Debug|Any CPU.ActiveCfg = Debug|Any CPU
		{A2A22246-6BE3-4C68-98EC-AFA65AD6C077}.Debug|Any CPU.Build.0 = Debug|Any CPU
		{A2A22246-6BE3-4C68-98EC-AFA65AD6C077}.Release|Any CPU.ActiveCfg = Release|Any CPU
		{A2A22246-6BE3-4C68-98EC-AFA65AD6C077}.Release|Any CPU.Build.0 = Release|Any CPU
		{E1F349BF-5C3B-4166-813C-372848CC3ABE}.Debug|Any CPU.ActiveCfg = Debug|Any CPU
		{E1F349BF-5C3B-4166-813C-372848CC3ABE}.Debug|Any CPU.Build.0 = Debug|Any CPU
		{E1F349BF-5C3B-4166-813C-372848CC3ABE}.Debug|Any CPU.Deploy.0 = Debug|Any CPU
		{E1F349BF-5C3B-4166-813C-372848CC3ABE}.Release|Any CPU.ActiveCfg = Release|Any CPU
		{E1F349BF-5C3B-4166-813C-372848CC3ABE}.Release|Any CPU.Build.0 = Release|Any CPU
		{E1F349BF-5C3B-4166-813C-372848CC3ABE}.Release|Any CPU.Deploy.0 = Release|Any CPU
		{D13D22F2-1697-4AF0-BC58-9F0CD0BD3892}.Debug|Any CPU.ActiveCfg = Debug|Any CPU
		{D13D22F2-1697-4AF0-BC58-9F0CD0BD3892}.Debug|Any CPU.Build.0 = Debug|Any CPU
		{D13D22F2-1697-4AF0-BC58-9F0CD0BD3892}.Release|Any CPU.ActiveCfg = Release|Any CPU
		{D13D22F2-1697-4AF0-BC58-9F0CD0BD3892}.Release|Any CPU.Build.0 = Release|Any CPU
		{04BAC59A-4C8F-478F-8A41-8DC5D44ACF6D}.Debug|Any CPU.ActiveCfg = Debug|Any CPU
		{04BAC59A-4C8F-478F-8A41-8DC5D44ACF6D}.Debug|Any CPU.Build.0 = Debug|Any CPU
		{04BAC59A-4C8F-478F-8A41-8DC5D44ACF6D}.Debug|Any CPU.Deploy.0 = Debug|Any CPU
		{04BAC59A-4C8F-478F-8A41-8DC5D44ACF6D}.Release|Any CPU.ActiveCfg = Release|Any CPU
		{04BAC59A-4C8F-478F-8A41-8DC5D44ACF6D}.Release|Any CPU.Build.0 = Release|Any CPU
		{04BAC59A-4C8F-478F-8A41-8DC5D44ACF6D}.Release|Any CPU.Deploy.0 = Release|Any CPU
		{839C8E7B-08C2-4B06-94E1-4BC607B6EE45}.Debug|Any CPU.ActiveCfg = Debug|Any CPU
		{839C8E7B-08C2-4B06-94E1-4BC607B6EE45}.Debug|Any CPU.Build.0 = Debug|Any CPU
		{839C8E7B-08C2-4B06-94E1-4BC607B6EE45}.Release|Any CPU.ActiveCfg = Release|Any CPU
		{839C8E7B-08C2-4B06-94E1-4BC607B6EE45}.Release|Any CPU.Build.0 = Release|Any CPU
		{CCDD6B1F-23FB-4B1C-BDA7-52C14BC12706}.Debug|Any CPU.ActiveCfg = Debug|Any CPU
		{CCDD6B1F-23FB-4B1C-BDA7-52C14BC12706}.Debug|Any CPU.Build.0 = Debug|Any CPU
		{CCDD6B1F-23FB-4B1C-BDA7-52C14BC12706}.Release|Any CPU.ActiveCfg = Release|Any CPU
		{CCDD6B1F-23FB-4B1C-BDA7-52C14BC12706}.Release|Any CPU.Build.0 = Release|Any CPU
		{1D582947-E6A1-4F7C-84B9-FE0256115982}.Debug|Any CPU.ActiveCfg = Debug|Any CPU
		{1D582947-E6A1-4F7C-84B9-FE0256115982}.Debug|Any CPU.Build.0 = Debug|Any CPU
		{1D582947-E6A1-4F7C-84B9-FE0256115982}.Release|Any CPU.ActiveCfg = Release|Any CPU
		{1D582947-E6A1-4F7C-84B9-FE0256115982}.Release|Any CPU.Build.0 = Release|Any CPU
		{501B81BB-3002-49EF-AC6C-82ED331C5A62}.Debug|Any CPU.ActiveCfg = Debug|Any CPU
		{501B81BB-3002-49EF-AC6C-82ED331C5A62}.Debug|Any CPU.Build.0 = Debug|Any CPU
		{501B81BB-3002-49EF-AC6C-82ED331C5A62}.Release|Any CPU.ActiveCfg = Release|Any CPU
		{501B81BB-3002-49EF-AC6C-82ED331C5A62}.Release|Any CPU.Build.0 = Release|Any CPU
		{1CE26995-B593-4938-B6F2-DED8531FA89E}.Debug|Any CPU.ActiveCfg = Debug|Any CPU
		{1CE26995-B593-4938-B6F2-DED8531FA89E}.Debug|Any CPU.Build.0 = Debug|Any CPU
		{1CE26995-B593-4938-B6F2-DED8531FA89E}.Release|Any CPU.ActiveCfg = Release|Any CPU
		{1CE26995-B593-4938-B6F2-DED8531FA89E}.Release|Any CPU.Build.0 = Release|Any CPU
		{D021DD3B-A314-4B2B-92EA-BDB43F05DD35}.Debug|Any CPU.ActiveCfg = Debug|Any CPU
		{D021DD3B-A314-4B2B-92EA-BDB43F05DD35}.Debug|Any CPU.Build.0 = Debug|Any CPU
		{D021DD3B-A314-4B2B-92EA-BDB43F05DD35}.Release|Any CPU.ActiveCfg = Release|Any CPU
		{D021DD3B-A314-4B2B-92EA-BDB43F05DD35}.Release|Any CPU.Build.0 = Release|Any CPU
	EndGlobalSection
	GlobalSection(SolutionProperties) = preSolution
		HideSolutionNode = FALSE
	EndGlobalSection
	GlobalSection(NestedProjects) = preSolution
		{18376AC9-9770-4936-A7E1-8ED11421A865} = {539B95EA-C99F-44E2-962F-18FC04F7A542}
		{43FFA5F7-8C88-415F-9037-479293AA5876} = {539B95EA-C99F-44E2-962F-18FC04F7A542}
		{33D75D59-918A-4304-9660-904B64A13DC8} = {539B95EA-C99F-44E2-962F-18FC04F7A542}
		{EC0D7F8F-0634-4BC7-B60B-F036A229B587} = {AB6C8F30-DCCA-4B10-A0EB-0BA226775ED3}
		{313BF118-63EF-4EAB-917B-3182C22993EF} = {F6CA540C-36FB-49D0-AC8A-C786E0CDF758}
		{C6C25793-01F9-4826-9F07-E3380F7C2DF3} = {553C3DC5-A590-4203-A8AF-04CDFC9D11CD}
		{E1C680EE-A4C4-406B-BF9D-A3EA575B406D} = {154B2149-ECBA-414E-9DE3-5C12C2AE4744}
		{AB045356-5BED-4D1A-AD42-5D539D493D48} = {3D8C76DB-3785-471E-8C66-F1214B8BED1F}
		{BC21F55C-898D-49D9-A658-90551D7D466C} = {3D8C76DB-3785-471E-8C66-F1214B8BED1F}
		{A2A22246-6BE3-4C68-98EC-AFA65AD6C077} = {BC21F55C-898D-49D9-A658-90551D7D466C}
		{BBBC9DA5-6719-478B-8960-DD0BAB4F7098} = {154B2149-ECBA-414E-9DE3-5C12C2AE4744}
		{E1F349BF-5C3B-4166-813C-372848CC3ABE} = {BBBC9DA5-6719-478B-8960-DD0BAB4F7098}
		{D13D22F2-1697-4AF0-BC58-9F0CD0BD3892} = {BBBC9DA5-6719-478B-8960-DD0BAB4F7098}
		{04BAC59A-4C8F-478F-8A41-8DC5D44ACF6D} = {E1C680EE-A4C4-406B-BF9D-A3EA575B406D}
		{839C8E7B-08C2-4B06-94E1-4BC607B6EE45} = {E1C680EE-A4C4-406B-BF9D-A3EA575B406D}
		{DD2DD93B-0F43-4A07-AD38-B275FBD4850F} = {243F3095-4F72-48FB-9F5F-640B6774ACE0}
		{CCDD6B1F-23FB-4B1C-BDA7-52C14BC12706} = {DD2DD93B-0F43-4A07-AD38-B275FBD4850F}
		{1D582947-E6A1-4F7C-84B9-FE0256115982} = {DD2DD93B-0F43-4A07-AD38-B275FBD4850F}
		{501B81BB-3002-49EF-AC6C-82ED331C5A62} = {DD2DD93B-0F43-4A07-AD38-B275FBD4850F}
		{539B95EA-C99F-44E2-962F-18FC04F7A542} = {243F3095-4F72-48FB-9F5F-640B6774ACE0}
		{1CE26995-B593-4938-B6F2-DED8531FA89E} = {F6CA540C-36FB-49D0-AC8A-C786E0CDF758}
		{D021DD3B-A314-4B2B-92EA-BDB43F05DD35} = {BC21F55C-898D-49D9-A658-90551D7D466C}
	EndGlobalSection
	GlobalSection(ExtensibilityGlobals) = postSolution
		SolutionGuid = {F2443A61-BE2D-4CE5-9FF2-9D4A3CAE667A}
	EndGlobalSection
EndGlobal
